
Microsoft Visual Studio Solution File, Format Version 12.00
# Visual Studio 2012
Project("{FAE04EC0-301F-11D3-BF4B-00C04F79EFBC}") = "BillysCaravanFormation", "BillysCaravanFormation.csproj", "{304E49E6-EA16-49CD-AE6C-04B39D274A66}"
EndProject
Global
	GlobalSection(SolutionConfigurationPlatforms) = preSolution
		Debug|Any CPU = Debug|Any CPU
		Release|Any CPU = Release|Any CPU
	EndGlobalSection
	GlobalSection(ProjectConfigurationPlatforms) = postSolution
		{304E49E6-EA16-49CD-AE6C-04B39D274A66}.Debug|Any CPU.ActiveCfg = Debug|Any CPU
		{304E49E6-EA16-49CD-AE6C-04B39D274A66}.Debug|Any CPU.Build.0 = Debug|Any CPU
		{304E49E6-EA16-49CD-AE6C-04B39D274A66}.Release|Any CPU.ActiveCfg = Release|Any CPU
		{304E49E6-EA16-49CD-AE6C-04B39D274A66}.Release|Any CPU.Build.0 = Release|Any CPU
	EndGlobalSection
	GlobalSection(SolutionProperties) = preSolution
		HideSolutionNode = FALSE
	EndGlobalSection
EndGlobal
